
Microsoft Visual Studio Solution File, Format Version 12.00
# Visual Studio Version 17
VisualStudioVersion = 17.10.35013.160
MinimumVisualStudioVersion = 10.0.40219.1
Project("{FAE04EC0-301F-11D3-BF4B-00C04F79EFBC}") = "SalesWebMvc", "SalesWebMvc\SalesWebMvc.csproj", "{B9624E3E-DD36-493C-AD99-0D3D9917E9A7}"
EndProject
Global
	GlobalSection(SolutionConfigurationPlatforms) = preSolution
		Debug|Any CPU = Debug|Any CPU
		Release|Any CPU = Release|Any CPU
	EndGlobalSection
	GlobalSection(ProjectConfigurationPlatforms) = postSolution
		{B9624E3E-DD36-493C-AD99-0D3D9917E9A7}.Debug|Any CPU.ActiveCfg = Debug|Any CPU
		{B9624E3E-DD36-493C-AD99-0D3D9917E9A7}.Debug|Any CPU.Build.0 = Debug|Any CPU
		{B9624E3E-DD36-493C-AD99-0D3D9917E9A7}.Release|Any CPU.ActiveCfg = Release|Any CPU
		{B9624E3E-DD36-493C-AD99-0D3D9917E9A7}.Release|Any CPU.Build.0 = Release|Any CPU
	EndGlobalSection
	GlobalSection(SolutionProperties) = preSolution
		HideSolutionNode = FALSE
	EndGlobalSection
	GlobalSection(ExtensibilityGlobals) = postSolution
		SolutionGuid = {38F6ADE6-9D68-454A-AB7E-551EAA9DB12B}
	EndGlobalSection
EndGlobal
